
Microsoft Visual Studio Solution File, Format Version 12.00
# Visual Studio Version 17
VisualStudioVersion = 17.0.31903.59
MinimumVisualStudioVersion = 10.0.40219.1
Project("{2150E333-8FDC-42A3-9474-1A3956D46DE8}") = "src", "src", "{827E0CD3-B72D-47B6-A68D-7590B98EB39B}"
EndProject
Project("{FAE04EC0-301F-11D3-BF4B-00C04F79EFBC}") = "Winly.Core", "src\Winly.Core\Winly.Core.csproj", "{93AE4FAD-3AAE-4027-B2E0-9E83C6C10981}"
EndProject
Project("{FAE04EC0-301F-11D3-BF4B-00C04F79EFBC}") = "Winly.Platform", "src\Winly.Platform\Winly.Platform.csproj", "{2ECA7C58-EC9F-4CC6-AB15-2F9958035F64}"
EndProject
Project("{FAE04EC0-301F-11D3-BF4B-00C04F79EFBC}") = "Winly.Providers", "src\Winly.Providers\Winly.Providers.csproj", "{3F7B0A6A-D5AD-4359-992C-6D49537B1344}"
EndProject
Project("{FAE04EC0-301F-11D3-BF4B-00C04F79EFBC}") = "Winly.App", "src\Winly.App\Winly.App.csproj", "{113FF4FF-324A-4C6D-8DBD-6B5B3AA92238}"
EndProject
Project("{2150E333-8FDC-42A3-9474-1A3956D46DE8}") = "tests", "tests", "{0AB3BF05-4346-4AA6-1389-037BE0695223}"
EndProject
Project("{FAE04EC0-301F-11D3-BF4B-00C04F79EFBC}") = "Winly.Core.Tests", "tests\Winly.Core.Tests\Winly.Core.Tests.csproj", "{D13C1A3B-1FB7-43C4-A69B-78CDE6E7E9A2}"
EndProject
Project("{FAE04EC0-301F-11D3-BF4B-00C04F79EFBC}") = "Winly.Providers.Tests", "tests\Winly.Providers.Tests\Winly.Providers.Tests.csproj", "{636EE37C-EF76-43B4-8254-1D54CAC8CD88}"
EndProject
Global
	GlobalSection(SolutionConfigurationPlatforms) = preSolution
		Debug|Any CPU = Debug|Any CPU
		Debug|x64 = Debug|x64
		Debug|x86 = Debug|x86
		Release|Any CPU = Release|Any CPU
		Release|x64 = Release|x64
		Release|x86 = Release|x86
	EndGlobalSection
	GlobalSection(ProjectConfigurationPlatforms) = postSolution
		{93AE4FAD-3AAE-4027-B2E0-9E83C6C10981}.Debug|Any CPU.ActiveCfg = Debug|Any CPU
		{93AE4FAD-3AAE-4027-B2E0-9E83C6C10981}.Debug|Any CPU.Build.0 = Debug|Any CPU
		{93AE4FAD-3AAE-4027-B2E0-9E83C6C10981}.Debug|x64.ActiveCfg = Debug|Any CPU
		{93AE4FAD-3AAE-4027-B2E0-9E83C6C10981}.Debug|x64.Build.0 = Debug|Any CPU
		{93AE4FAD-3AAE-4027-B2E0-9E83C6C10981}.Debug|x86.ActiveCfg = Debug|Any CPU
		{93AE4FAD-3AAE-4027-B2E0-9E83C6C10981}.Debug|x86.Build.0 = Debug|Any CPU
		{93AE4FAD-3AAE-4027-B2E0-9E83C6C10981}.Release|Any CPU.ActiveCfg = Release|Any CPU
		{93AE4FAD-3AAE-4027-B2E0-9E83C6C10981}.Release|Any CPU.Build.0 = Release|Any CPU
		{93AE4FAD-3AAE-4027-B2E0-9E83C6C10981}.Release|x64.ActiveCfg = Release|Any CPU
		{93AE4FAD-3AAE-4027-B2E0-9E83C6C10981}.Release|x64.Build.0 = Release|Any CPU
		{93AE4FAD-3AAE-4027-B2E0-9E83C6C10981}.Release|x86.ActiveCfg = Release|Any CPU
		{93AE4FAD-3AAE-4027-B2E0-9E83C6C10981}.Release|x86.Build.0 = Release|Any CPU
		{2ECA7C58-EC9F-4CC6-AB15-2F9958035F64}.Debug|Any CPU.ActiveCfg = Debug|Any CPU
		{2ECA7C58-EC9F-4CC6-AB15-2F9958035F64}.Debug|Any CPU.Build.0 = Debug|Any CPU
		{2ECA7C58-EC9F-4CC6-AB15-2F9958035F64}.Debug|x64.ActiveCfg = Debug|Any CPU
		{2ECA7C58-EC9F-4CC6-AB15-2F9958035F64}.Debug|x64.Build.0 = Debug|Any CPU
		{2ECA7C58-EC9F-4CC6-AB15-2F9958035F64}.Debug|x86.ActiveCfg = Debug|Any CPU
		{2ECA7C58-EC9F-4CC6-AB15-2F9958035F64}.Debug|x86.Build.0 = Debug|Any CPU
		{2ECA7C58-EC9F-4CC6-AB15-2F9958035F64}.Release|Any CPU.ActiveCfg = Release|Any CPU
		{2ECA7C58-EC9F-4CC6-AB15-2F9958035F64}.Release|Any CPU.Build.0 = Release|Any CPU
		{2ECA7C58-EC9F-4CC6-AB15-2F9958035F64}.Release|x64.ActiveCfg = Release|Any CPU
		{2ECA7C58-EC9F-4CC6-AB15-2F9958035F64}.Release|x64.Build.0 = Release|Any CPU
		{2ECA7C58-EC9F-4CC6-AB15-2F9958035F64}.Release|x86.ActiveCfg = Release|Any CPU
		{2ECA7C58-EC9F-4CC6-AB15-2F9958035F64}.Release|x86.Build.0 = Release|Any CPU
		{3F7B0A6A-D5AD-4359-992C-6D49537B1344}.Debug|Any CPU.ActiveCfg = Debug|Any CPU
		{3F7B0A6A-D5AD-4359-992C-6D49537B1344}.Debug|Any CPU.Build.0 = Debug|Any CPU
		{3F7B0A6A-D5AD-4359-992C-6D49537B1344}.Debug|x64.ActiveCfg = Debug|Any CPU
		{3F7B0A6A-D5AD-4359-992C-6D49537B1344}.Debug|x64.Build.0 = Debug|Any CPU
		{3F7B0A6A-D5AD-4359-992C-6D49537B1344}.Debug|x86.ActiveCfg = Debug|Any CPU
		{3F7B0A6A-D5AD-4359-992C-6D49537B1344}.Debug|x86.Build.0 = Debug|Any CPU
		{3F7B0A6A-D5AD-4359-992C-6D49537B1344}.Release|Any CPU.ActiveCfg = Release|Any CPU
		{3F7B0A6A-D5AD-4359-992C-6D49537B1344}.Release|Any CPU.Build.0 = Release|Any CPU
		{3F7B0A6A-D5AD-4359-992C-6D49537B1344}.Release|x64.ActiveCfg = Release|Any CPU
		{3F7B0A6A-D5AD-4359-992C-6D49537B1344}.Release|x64.Build.0 = Release|Any CPU
		{3F7B0A6A-D5AD-4359-992C-6D49537B1344}.Release|x86.ActiveCfg = Release|Any CPU
		{3F7B0A6A-D5AD-4359-992C-6D49537B1344}.Release|x86.Build.0 = Release|Any CPU
		{113FF4FF-324A-4C6D-8DBD-6B5B3AA92238}.Debug|Any CPU.ActiveCfg = Debug|Any CPU
		{113FF4FF-324A-4C6D-8DBD-6B5B3AA92238}.Debug|Any CPU.Build.0 = Debug|Any CPU
		{113FF4FF-324A-4C6D-8DBD-6B5B3AA92238}.Debug|x64.ActiveCfg = Debug|Any CPU
		{113FF4FF-324A-4C6D-8DBD-6B5B3AA92238}.Debug|x64.Build.0 = Debug|Any CPU
		{113FF4FF-324A-4C6D-8DBD-6B5B3AA92238}.Debug|x86.ActiveCfg = Debug|Any CPU
		{113FF4FF-324A-4C6D-8DBD-6B5B3AA92238}.Debug|x86.Build.0 = Debug|Any CPU
		{113FF4FF-324A-4C6D-8DBD-6B5B3AA92238}.Release|Any CPU.ActiveCfg = Release|Any CPU
		{113FF4FF-324A-4C6D-8DBD-6B5B3AA92238}.Release|Any CPU.Build.0 = Release|Any CPU
		{113FF4FF-324A-4C6D-8DBD-6B5B3AA92238}.Release|x64.ActiveCfg = Release|Any CPU
		{113FF4FF-324A-4C6D-8DBD-6B5B3AA92238}.Release|x64.Build.0 = Release|Any CPU
		{113FF4FF-324A-4C6D-8DBD-6B5B3AA92238}.Release|x86.ActiveCfg = Release|Any CPU
		{113FF4FF-324A-4C6D-8DBD-6B5B3AA92238}.Release|x86.Build.0 = Release|Any CPU
		{D13C1A3B-1FB7-43C4-A69B-78CDE6E7E9A2}.Debug|Any CPU.ActiveCfg = Debug|Any CPU
		{D13C1A3B-1FB7-43C4-A69B-78CDE6E7E9A2}.Debug|Any CPU.Build.0 = Debug|Any CPU
		{D13C1A3B-1FB7-43C4-A69B-78CDE6E7E9A2}.Debug|x64.ActiveCfg = Debug|Any CPU
		{D13C1A3B-1FB7-43C4-A69B-78CDE6E7E9A2}.Debug|x64.Build.0 = Debug|Any CPU
		{D13C1A3B-1FB7-43C4-A69B-78CDE6E7E9A2}.Debug|x86.ActiveCfg = Debug|Any CPU
		{D13C1A3B-1FB7-43C4-A69B-78CDE6E7E9A2}.Debug|x86.Build.0 = Debug|Any CPU
		{D13C1A3B-1FB7-43C4-A69B-78CDE6E7E9A2}.Release|Any CPU.ActiveCfg = Release|Any CPU
		{D13C1A3B-1FB7-43C4-A69B-78CDE6E7E9A2}.Release|Any CPU.Build.0 = Release|Any CPU
		{D13C1A3B-1FB7-43C4-A69B-78CDE6E7E9A2}.Release|x64.ActiveCfg = Release|Any CPU
		{D13C1A3B-1FB7-43C4-A69B-78CDE6E7E9A2}.Release|x64.Build.0 = Release|Any CPU
		{D13C1A3B-1FB7-43C4-A69B-78CDE6E7E9A2}.Release|x86.ActiveCfg = Release|Any CPU
		{D13C1A3B-1FB7-43C4-A69B-78CDE6E7E9A2}.Release|x86.Build.0 = Release|Any CPU
		{636EE37C-EF76-43B4-8254-1D54CAC8CD88}.Debug|Any CPU.ActiveCfg = Debug|Any CPU
		{636EE37C-EF76-43B4-8254-1D54CAC8CD88}.Debug|Any CPU.Build.0 = Debug|Any CPU
		{636EE37C-EF76-43B4-8254-1D54CAC8CD88}.Debug|x64.ActiveCfg = Debug|Any CPU
		{636EE37C-EF76-43B4-8254-1D54CAC8CD88}.Debug|x64.Build.0 = Debug|Any CPU
		{636EE37C-EF76-43B4-8254-1D54CAC8CD88}.Debug|x86.ActiveCfg = Debug|Any CPU
		{636EE37C-EF76-43B4-8254-1D54CAC8CD88}.Debug|x86.Build.0 = Debug|Any CPU
		{636EE37C-EF76-43B4-8254-1D54CAC8CD88}.Release|Any CPU.ActiveCfg = Release|Any CPU
		{636EE37C-EF76-43B4-8254-1D54CAC8CD88}.Release|Any CPU.Build.0 = Release|Any CPU
		{636EE37C-EF76-43B4-8254-1D54CAC8CD88}.Release|x64.ActiveCfg = Release|Any CPU
		{636EE37C-EF76-43B4-8254-1D54CAC8CD88}.Release|x64.Build.0 = Release|Any CPU
		{636EE37C-EF76-43B4-8254-1D54CAC8CD88}.Release|x86.ActiveCfg = Release|Any CPU
		{636EE37C-EF76-43B4-8254-1D54CAC8CD88}.Release|x86.Build.0 = Release|Any CPU
	EndGlobalSection
	GlobalSection(SolutionProperties) = preSolution
		HideSolutionNode = FALSE
	EndGlobalSection
	GlobalSection(NestedProjects) = preSolution
		{93AE4FAD-3AAE-4027-B2E0-9E83C6C10981} = {827E0CD3-B72D-47B6-A68D-7590B98EB39B}
		{2ECA7C58-EC9F-4CC6-AB15-2F9958035F64} = {827E0CD3-B72D-47B6-A68D-7590B98EB39B}
		{3F7B0A6A-D5AD-4359-992C-6D49537B1344} = {827E0CD3-B72D-47B6-A68D-7590B98EB39B}
		{113FF4FF-324A-4C6D-8DBD-6B5B3AA92238} = {827E0CD3-B72D-47B6-A68D-7590B98EB39B}
		{D13C1A3B-1FB7-43C4-A69B-78CDE6E7E9A2} = {0AB3BF05-4346-4AA6-1389-037BE0695223}
		{636EE37C-EF76-43B4-8254-1D54CAC8CD88} = {0AB3BF05-4346-4AA6-1389-037BE0695223}
	EndGlobalSection
EndGlobal
